
Microsoft Visual Studio Solution File, Format Version 12.00
# Visual Studio Version 16
VisualStudioVersion = 16.0.29519.87
MinimumVisualStudioVersion = 10.0.40219.1
Project("{FAE04EC0-301F-11D3-BF4B-00C04F79EFBC}") = "SharkScan", "SharkScan\SharkScan.csproj", "{14DD76E9-3002-4B91-B19C-7AE8179F0C7C}"
EndProject
Project("{FAE04EC0-301F-11D3-BF4B-00C04F79EFBC}") = "SharkZip", "SharkZip\SharkZip.csproj", "{D335CFF2-4134-4BE6-ACBB-AE4D056524A0}"
EndProject
Project("{FAE04EC0-301F-11D3-BF4B-00C04F79EFBC}") = "SharkMonitor", "SharkMonitor\SharkMonitor.csproj", "{3526CA95-0167-42FC-888F-B0E572119A12}"
EndProject
Project("{FAE04EC0-301F-11D3-BF4B-00C04F79EFBC}") = "SharkSession", "SharkSession\SharkSession.csproj", "{58CEF4A8-7916-40DD-9225-D0FA62FBEC7D}"
EndProject
Project("{FAE04EC0-301F-11D3-BF4B-00C04F79EFBC}") = "SharkCredentials", "SharkCredentials\SharkCredentials.csproj", "{576E0BD4-7116-47EC-8990-0BEF36CAA734}"
EndProject
Project("{FAE04EC0-301F-11D3-BF4B-00C04F79EFBC}") = "SharkInfo", "SharkInfo\SharkInfo.csproj", "{607F6D76-161F-4BB2-A27C-5BBD8134D0D3}"
EndProject
Project("{FAE04EC0-301F-11D3-BF4B-00C04F79EFBC}") = "SharkBrowser", "SharkBrowser\SharkBrowser.csproj", "{F1653F20-D47D-4F29-8C55-3C835542AF5F}"
EndProject
Project("{FAE04EC0-301F-11D3-BF4B-00C04F79EFBC}") = "SharkRdp", "SharkRdp\SharkRdp\SharkRdp.csproj", "{0DCAFF23-460E-4994-8E0D-0E5DEB89BE81}"
EndProject
Project("{FAE04EC0-301F-11D3-BF4B-00C04F79EFBC}") = "SharkDump", "SharkDump\SharkDump.csproj", "{EC78818E-4436-41BF-9A14-00AB7BC9F69C}"
EndProject
Project("{FAE04EC0-301F-11D3-BF4B-00C04F79EFBC}") = "SharkTools", "SharkTools\SharkTools.csproj", "{0209EC20-F7DA-4CA7-9D18-B896D3DA103B}"
EndProject
Global
	GlobalSection(SolutionConfigurationPlatforms) = preSolution
		Debug|Any CPU = Debug|Any CPU
		Release|Any CPU = Release|Any CPU
	EndGlobalSection
	GlobalSection(ProjectConfigurationPlatforms) = postSolution
		{14DD76E9-3002-4B91-B19C-7AE8179F0C7C}.Debug|Any CPU.ActiveCfg = Debug|Any CPU
		{14DD76E9-3002-4B91-B19C-7AE8179F0C7C}.Debug|Any CPU.Build.0 = Debug|Any CPU
		{14DD76E9-3002-4B91-B19C-7AE8179F0C7C}.Release|Any CPU.ActiveCfg = Release|Any CPU
		{14DD76E9-3002-4B91-B19C-7AE8179F0C7C}.Release|Any CPU.Build.0 = Release|Any CPU
		{D335CFF2-4134-4BE6-ACBB-AE4D056524A0}.Debug|Any CPU.ActiveCfg = Debug|Any CPU
		{D335CFF2-4134-4BE6-ACBB-AE4D056524A0}.Debug|Any CPU.Build.0 = Debug|Any CPU
		{D335CFF2-4134-4BE6-ACBB-AE4D056524A0}.Release|Any CPU.ActiveCfg = Release|Any CPU
		{D335CFF2-4134-4BE6-ACBB-AE4D056524A0}.Release|Any CPU.Build.0 = Release|Any CPU
		{3526CA95-0167-42FC-888F-B0E572119A12}.Debug|Any CPU.ActiveCfg = Debug|Any CPU
		{3526CA95-0167-42FC-888F-B0E572119A12}.Debug|Any CPU.Build.0 = Debug|Any CPU
		{3526CA95-0167-42FC-888F-B0E572119A12}.Release|Any CPU.ActiveCfg = Release|Any CPU
		{3526CA95-0167-42FC-888F-B0E572119A12}.Release|Any CPU.Build.0 = Release|Any CPU
		{58CEF4A8-7916-40DD-9225-D0FA62FBEC7D}.Debug|Any CPU.ActiveCfg = Debug|Any CPU
		{58CEF4A8-7916-40DD-9225-D0FA62FBEC7D}.Debug|Any CPU.Build.0 = Debug|Any CPU
		{58CEF4A8-7916-40DD-9225-D0FA62FBEC7D}.Release|Any CPU.ActiveCfg = Release|Any CPU
		{58CEF4A8-7916-40DD-9225-D0FA62FBEC7D}.Release|Any CPU.Build.0 = Release|Any CPU
		{576E0BD4-7116-47EC-8990-0BEF36CAA734}.Debug|Any CPU.ActiveCfg = Debug|Any CPU
		{576E0BD4-7116-47EC-8990-0BEF36CAA734}.Debug|Any CPU.Build.0 = Debug|Any CPU
		{576E0BD4-7116-47EC-8990-0BEF36CAA734}.Release|Any CPU.ActiveCfg = Release|Any CPU
		{576E0BD4-7116-47EC-8990-0BEF36CAA734}.Release|Any CPU.Build.0 = Release|Any CPU
		{607F6D76-161F-4BB2-A27C-5BBD8134D0D3}.Debug|Any CPU.ActiveCfg = Debug|Any CPU
		{607F6D76-161F-4BB2-A27C-5BBD8134D0D3}.Debug|Any CPU.Build.0 = Debug|Any CPU
		{607F6D76-161F-4BB2-A27C-5BBD8134D0D3}.Release|Any CPU.ActiveCfg = Release|Any CPU
		{607F6D76-161F-4BB2-A27C-5BBD8134D0D3}.Release|Any CPU.Build.0 = Release|Any CPU
		{F1653F20-D47D-4F29-8C55-3C835542AF5F}.Debug|Any CPU.ActiveCfg = Debug|Any CPU
		{F1653F20-D47D-4F29-8C55-3C835542AF5F}.Debug|Any CPU.Build.0 = Debug|Any CPU
		{F1653F20-D47D-4F29-8C55-3C835542AF5F}.Release|Any CPU.ActiveCfg = Release|Any CPU
		{F1653F20-D47D-4F29-8C55-3C835542AF5F}.Release|Any CPU.Build.0 = Release|Any CPU
		{0DCAFF23-460E-4994-8E0D-0E5DEB89BE81}.Debug|Any CPU.ActiveCfg = Debug|Any CPU
		{0DCAFF23-460E-4994-8E0D-0E5DEB89BE81}.Debug|Any CPU.Build.0 = Debug|Any CPU
		{0DCAFF23-460E-4994-8E0D-0E5DEB89BE81}.Release|Any CPU.ActiveCfg = Release|Any CPU
		{0DCAFF23-460E-4994-8E0D-0E5DEB89BE81}.Release|Any CPU.Build.0 = Release|Any CPU
		{EC78818E-4436-41BF-9A14-00AB7BC9F69C}.Debug|Any CPU.ActiveCfg = Debug|Any CPU
		{EC78818E-4436-41BF-9A14-00AB7BC9F69C}.Debug|Any CPU.Build.0 = Debug|Any CPU
		{EC78818E-4436-41BF-9A14-00AB7BC9F69C}.Release|Any CPU.ActiveCfg = Release|Any CPU
		{EC78818E-4436-41BF-9A14-00AB7BC9F69C}.Release|Any CPU.Build.0 = Release|Any CPU
		{0209EC20-F7DA-4CA7-9D18-B896D3DA103B}.Debug|Any CPU.ActiveCfg = Debug|Any CPU
		{0209EC20-F7DA-4CA7-9D18-B896D3DA103B}.Debug|Any CPU.Build.0 = Debug|Any CPU
		{0209EC20-F7DA-4CA7-9D18-B896D3DA103B}.Release|Any CPU.ActiveCfg = Release|Any CPU
		{0209EC20-F7DA-4CA7-9D18-B896D3DA103B}.Release|Any CPU.Build.0 = Release|Any CPU
	EndGlobalSection
	GlobalSection(SolutionProperties) = preSolution
		HideSolutionNode = FALSE
	EndGlobalSection
	GlobalSection(ExtensibilityGlobals) = postSolution
		SolutionGuid = {9B16535F-1739-44F5-96F3-A200F00188CD}
	EndGlobalSection
EndGlobal
